// !$*UTF8*$!
{
	archiveVersion = 1;
	classes = {
	};
	objectVersion = 46;
	objects = {

/* Begin PBXBuildFile section */
		278DCEF31A19D42800CDBF26 /* Crashlytics.framework in Frameworks */ = {isa = PBXBuildFile; fileRef = 278DCEF11A19D42800CDBF26 /* Crashlytics.framework */; };
		278DCEF41A19D42800CDBF26 /* Fabric.framework in Frameworks */ = {isa = PBXBuildFile; fileRef = 278DCEF21A19D42800CDBF26 /* Fabric.framework */; };
		27C216EE1A15C37500374FFB /* ArtistCollectionViewCell.swift in Sources */ = {isa = PBXBuildFile; fileRef = 27C216ED1A15C37500374FFB /* ArtistCollectionViewCell.swift */; };
		27C216F21A15C40800374FFB /* ArtistsCollectionViewController.swift in Sources */ = {isa = PBXBuildFile; fileRef = 27C216F11A15C40800374FFB /* ArtistsCollectionViewController.swift */; };
		8B085E8919FDF7DB00A2FDFA /* ArtistData.plist in Resources */ = {isa = PBXBuildFile; fileRef = 8B085E8819FDF7DB00A2FDFA /* ArtistData.plist */; };
		8B805B4119FB33CC0009A7A2 /* AppDelegate.swift in Sources */ = {isa = PBXBuildFile; fileRef = 8B805B4019FB33CC0009A7A2 /* AppDelegate.swift */; };
		8B805B4619FB33CC0009A7A2 /* Main.storyboard in Resources */ = {isa = PBXBuildFile; fileRef = 8B805B4419FB33CC0009A7A2 /* Main.storyboard */; };
		8B805B6319FB37960009A7A2 /* DetailsViewController.swift in Sources */ = {isa = PBXBuildFile; fileRef = 8B805B6219FB37960009A7A2 /* DetailsViewController.swift */; };
		8BB3CD1519FC1152009930B2 /* LaunchScreen.xib in Resources */ = {isa = PBXBuildFile; fileRef = 8BB3CD1419FC1151009930B2 /* LaunchScreen.xib */; };
		8BB3CD1719FC116C009930B2 /* Images.xcassets in Resources */ = {isa = PBXBuildFile; fileRef = 8BB3CD1619FC116C009930B2 /* Images.xcassets */; };
/* End PBXBuildFile section */

/* Begin PBXFileReference section */
		278DCEF11A19D42800CDBF26 /* Crashlytics.framework */ = {isa = PBXFileReference; lastKnownFileType = wrapper.framework; path = Crashlytics.framework; sourceTree = SOURCE_ROOT; };
		278DCEF21A19D42800CDBF26 /* Fabric.framework */ = {isa = PBXFileReference; lastKnownFileType = wrapper.framework; path = Fabric.framework; sourceTree = SOURCE_ROOT; };
		27C216ED1A15C37500374FFB /* ArtistCollectionViewCell.swift */ = {isa = PBXFileReference; fileEncoding = 4; lastKnownFileType = sourcecode.swift; path = ArtistCollectionViewCell.swift; sourceTree = "<group>"; };
		27C216F11A15C40800374FFB /* ArtistsCollectionViewController.swift */ = {isa = PBXFileReference; fileEncoding = 4; lastKnownFileType = sourcecode.swift; path = ArtistsCollectionViewController.swift; sourceTree = "<group>"; };
		8B085E8819FDF7DB00A2FDFA /* ArtistData.plist */ = {isa = PBXFileReference; fileEncoding = 4; lastKnownFileType = text.plist.xml; path = ArtistData.plist; sourceTree = "<group>"; };
		8B805B3B19FB33CC0009A7A2 /* Phase Management.app */ = {isa = PBXFileReference; explicitFileType = wrapper.application; includeInIndex = 0; path = "Phase Management.app"; sourceTree = BUILT_PRODUCTS_DIR; };
		8B805B3F19FB33CC0009A7A2 /* Info.plist */ = {isa = PBXFileReference; lastKnownFileType = text.plist.xml; path = Info.plist; sourceTree = "<group>"; };
		8B805B4019FB33CC0009A7A2 /* AppDelegate.swift */ = {isa = PBXFileReference; lastKnownFileType = sourcecode.swift; path = AppDelegate.swift; sourceTree = "<group>"; };
		8B805B4519FB33CC0009A7A2 /* Base */ = {isa = PBXFileReference; lastKnownFileType = file.storyboard; name = Base; path = Base.lproj/Main.storyboard; sourceTree = "<group>"; };
		8B805B6219FB37960009A7A2 /* DetailsViewController.swift */ = {isa = PBXFileReference; fileEncoding = 4; lastKnownFileType = sourcecode.swift; path = DetailsViewController.swift; sourceTree = "<group>"; };
		8BB3CD1419FC1151009930B2 /* LaunchScreen.xib */ = {isa = PBXFileReference; fileEncoding = 4; lastKnownFileType = file.xib; path = LaunchScreen.xib; sourceTree = "<group>"; };
		8BB3CD1619FC116C009930B2 /* Images.xcassets */ = {isa = PBXFileReference; lastKnownFileType = folder.assetcatalog; path = Images.xcassets; sourceTree = "<group>"; };
/* End PBXFileReference section */

/* Begin PBXFrameworksBuildPhase section */
		8B805B3819FB33CC0009A7A2 /* Frameworks */ = {
			isa = PBXFrameworksBuildPhase;
			buildActionMask = 2147483647;
			files = (
				278DCEF31A19D42800CDBF26 /* Crashlytics.framework in Frameworks */,
				278DCEF41A19D42800CDBF26 /* Fabric.framework in Frameworks */,
			);
			runOnlyForDeploymentPostprocessing = 0;
		};
/* End PBXFrameworksBuildPhase section */

/* Begin PBXGroup section */
		8B805B3219FB33CC0009A7A2 = {
			isa = PBXGroup;
			children = (
				8B805B3D19FB33CC0009A7A2 /* Phase Management */,
				8B805B3C19FB33CC0009A7A2 /* Products */,
			);
			sourceTree = "<group>";
		};
		8B805B3C19FB33CC0009A7A2 /* Products */ = {
			isa = PBXGroup;
			children = (
				8B805B3B19FB33CC0009A7A2 /* Phase Management.app */,
			);
			name = Products;
			sourceTree = "<group>";
		};
		8B805B3D19FB33CC0009A7A2 /* Phase Management */ = {
			isa = PBXGroup;
			children = (
				27C216ED1A15C37500374FFB /* ArtistCollectionViewCell.swift */,
				27C216F11A15C40800374FFB /* ArtistsCollectionViewController.swift */,
				8B805B6219FB37960009A7A2 /* DetailsViewController.swift */,
				8B805B4419FB33CC0009A7A2 /* Main.storyboard */,
				8B805B3E19FB33CC0009A7A2 /* Supporting Files */,
			);
			name = "Phase Management";
			path = ArtistsView;
			sourceTree = "<group>";
		};
		8B805B3E19FB33CC0009A7A2 /* Supporting Files */ = {
			isa = PBXGroup;
			children = (
				278DCEF11A19D42800CDBF26 /* Crashlytics.framework */,
				278DCEF21A19D42800CDBF26 /* Fabric.framework */,
				8B805B4019FB33CC0009A7A2 /* AppDelegate.swift */,
				8B085E8819FDF7DB00A2FDFA /* ArtistData.plist */,
				8B805B3F19FB33CC0009A7A2 /* Info.plist */,
				8BB3CD1419FC1151009930B2 /* LaunchScreen.xib */,
				8BB3CD1619FC116C009930B2 /* Images.xcassets */,
			);
			name = "Supporting Files";
			sourceTree = "<group>";
		};
/* End PBXGroup section */

/* Begin PBXNativeTarget section */
		8B805B3A19FB33CC0009A7A2 /* Phase Management */ = {
			isa = PBXNativeTarget;
			buildConfigurationList = 8B805B5A19FB33CC0009A7A2 /* Build configuration list for PBXNativeTarget "Phase Management" */;
			buildPhases = (
				8B805B3719FB33CC0009A7A2 /* Sources */,
				8B805B3819FB33CC0009A7A2 /* Frameworks */,
				8B805B3919FB33CC0009A7A2 /* Resources */,
				278DCEF01A19D40E00CDBF26 /* Fabric */,
			);
			buildRules = (
			);
			dependencies = (
			);
			name = "Phase Management";
			productName = ArtistsView;
			productReference = 8B805B3B19FB33CC0009A7A2 /* Phase Management.app */;
			productType = "com.apple.product-type.application";
		};
/* End PBXNativeTarget section */

/* Begin PBXProject section */
		8B805B3319FB33CC0009A7A2 /* Project object */ = {
			isa = PBXProject;
			attributes = {
				LastUpgradeCheck = 0610;
				ORGANIZATIONNAME = gregbarbosa;
				TargetAttributes = {
					8B805B3A19FB33CC0009A7A2 = {
						CreatedOnToolsVersion = 6.1;
						DevelopmentTeam = 6TFBL9XBMK;
					};
				};
			};
			buildConfigurationList = 8B805B3619FB33CC0009A7A2 /* Build configuration list for PBXProject "Phase Management" */;
			compatibilityVersion = "Xcode 3.2";
			developmentRegion = English;
			hasScannedForEncodings = 0;
			knownRegions = (
				en,
				Base,
			);
			mainGroup = 8B805B3219FB33CC0009A7A2;
			productRefGroup = 8B805B3C19FB33CC0009A7A2 /* Products */;
			projectDirPath = "";
			projectRoot = "";
			targets = (
				8B805B3A19FB33CC0009A7A2 /* Phase Management */,
			);
		};
/* End PBXProject section */

/* Begin PBXResourcesBuildPhase section */
		8B805B3919FB33CC0009A7A2 /* Resources */ = {
			isa = PBXResourcesBuildPhase;
			buildActionMask = 2147483647;
			files = (
				8B085E8919FDF7DB00A2FDFA /* ArtistData.plist in Resources */,
				8BB3CD1519FC1152009930B2 /* LaunchScreen.xib in Resources */,
				8BB3CD1719FC116C009930B2 /* Images.xcassets in Resources */,
				8B805B4619FB33CC0009A7A2 /* Main.storyboard in Resources */,
			);
			runOnlyForDeploymentPostprocessing = 0;
		};
/* End PBXResourcesBuildPhase section */

/* Begin PBXShellScriptBuildPhase section */
		278DCEF01A19D40E00CDBF26 /* Fabric */ = {
			isa = PBXShellScriptBuildPhase;
			buildActionMask = 2147483647;
			files = (
			);
			inputPaths = (
			);
			name = Fabric;
			outputPaths = (
			);
			runOnlyForDeploymentPostprocessing = 0;
			shellPath = /bin/sh;
			shellScript = "./Fabric.framework/run 6ae3f7d8c056a4123d50b0b67a1b2466fa33455e 6e45bddaa6461a2931397d84b2abee0b81a29069ee760bbbf66de338435be692";
		};
/* End PBXShellScriptBuildPhase section */

/* Begin PBXSourcesBuildPhase section */
		8B805B3719FB33CC0009A7A2 /* Sources */ = {
			isa = PBXSourcesBuildPhase;
			buildActionMask = 2147483647;
			files = (
				8B805B4119FB33CC0009A7A2 /* AppDelegate.swift in Sources */,
				27C216F21A15C40800374FFB /* ArtistsCollectionViewController.swift in Sources */,
				27C216EE1A15C37500374FFB /* ArtistCollectionViewCell.swift in Sources */,
				8B805B6319FB37960009A7A2 /* DetailsViewController.swift in Sources */,
			);
			runOnlyForDeploymentPostprocessing = 0;
		};
/* End PBXSourcesBuildPhase section */

/* Begin PBXVariantGroup section */
		8B805B4419FB33CC0009A7A2 /* Main.storyboard */ = {
			isa = PBXVariantGroup;
			children = (
				8B805B4519FB33CC0009A7A2 /* Base */,
			);
			name = Main.storyboard;
			sourceTree = "<group>";
		};
/* End PBXVariantGroup section */

/* Begin XCBuildConfiguration section */
		8B805B5819FB33CC0009A7A2 /* Debug */ = {
			isa = XCBuildConfiguration;
			buildSettings = {
				ALWAYS_SEARCH_USER_PATHS = NO;
				CLANG_CXX_LANGUAGE_STANDARD = "gnu++0x";
				CLANG_CXX_LIBRARY = "libc++";
				CLANG_ENABLE_MODULES = YES;
				CLANG_ENABLE_OBJC_ARC = YES;
				CLANG_WARN_BOOL_CONVERSION = YES;
				CLANG_WARN_CONSTANT_CONVERSION = YES;
				CLANG_WARN_DIRECT_OBJC_ISA_USAGE = YES_ERROR;
				CLANG_WARN_EMPTY_BODY = YES;
				CLANG_WARN_ENUM_CONVERSION = YES;
				CLANG_WARN_INT_CONVERSION = YES;
				CLANG_WARN_OBJC_ROOT_CLASS = YES_ERROR;
				CLANG_WARN_UNREACHABLE_CODE = YES;
				CLANG_WARN__DUPLICATE_METHOD_MATCH = YES;
				"CODE_SIGN_IDENTITY[sdk=iphoneos*]" = "iPhone Developer";
				COPY_PHASE_STRIP = NO;
				ENABLE_STRICT_OBJC_MSGSEND = YES;
				GCC_C_LANGUAGE_STANDARD = gnu99;
				GCC_DYNAMIC_NO_PIC = NO;
				GCC_OPTIMIZATION_LEVEL = 0;
				GCC_PREPROCESSOR_DEFINITIONS = (
					"DEBUG=1",
					"$(inherited)",
				);
				GCC_SYMBOLS_PRIVATE_EXTERN = NO;
				GCC_WARN_64_TO_32_BIT_CONVERSION = YES;
				GCC_WARN_ABOUT_RETURN_TYPE = YES_ERROR;
				GCC_WARN_UNDECLARED_SELECTOR = YES;
				GCC_WARN_UNINITIALIZED_AUTOS = YES_AGGRESSIVE;
				GCC_WARN_UNUSED_FUNCTION = YES;
				GCC_WARN_UNUSED_VARIABLE = YES;
				IPHONEOS_DEPLOYMENT_TARGET = 8.1;
				MTL_ENABLE_DEBUG_INFO = YES;
				ONLY_ACTIVE_ARCH = YES;
				SDKROOT = iphoneos;
				SWIFT_OPTIMIZATION_LEVEL = "-Onone";
			};
			name = Debug;
		};
		8B805B5919FB33CC0009A7A2 /* Release */ = {
			isa = XCBuildConfiguration;
			buildSettings = {
				ALWAYS_SEARCH_USER_PATHS = NO;
				CLANG_CXX_LANGUAGE_STANDARD = "gnu++0x";
				CLANG_CXX_LIBRARY = "libc++";
				CLANG_ENABLE_MODULES = YES;
				CLANG_ENABLE_OBJC_ARC = YES;
				CLANG_WARN_BOOL_CONVERSION = YES;
				CLANG_WARN_CONSTANT_CONVERSION = YES;
				CLANG_WARN_DIRECT_OBJC_ISA_USAGE = YES_ERROR;
				CLANG_WARN_EMPTY_BODY = YES;
				CLANG_WARN_ENUM_CONVERSION = YES;
				CLANG_WARN_INT_CONVERSION = YES;
				CLANG_WARN_OBJC_ROOT_CLASS = YES_ERROR;
				CLANG_WARN_UNREACHABLE_CODE = YES;
				CLANG_WARN__DUPLICATE_METHOD_MATCH = YES;
				"CODE_SIGN_IDENTITY[sdk=iphoneos*]" = "iPhone Developer";
				COPY_PHASE_STRIP = YES;
				ENABLE_NS_ASSERTIONS = NO;
				ENABLE_STRICT_OBJC_MSGSEND = YES;
				GCC_C_LANGUAGE_STANDARD = gnu99;
				GCC_WARN_64_TO_32_BIT_CONVERSION = YES;
				GCC_WARN_ABOUT_RETURN_TYPE = YES_ERROR;
				GCC_WARN_UNDECLARED_SELECTOR = YES;
				GCC_WARN_UNINITIALIZED_AUTOS = YES_AGGRESSIVE;
				GCC_WARN_UNUSED_FUNCTION = YES;
				GCC_WARN_UNUSED_VARIABLE = YES;
				IPHONEOS_DEPLOYMENT_TARGET = 8.1;
				MTL_ENABLE_DEBUG_INFO = NO;
				SDKROOT = iphoneos;
				VALIDATE_PRODUCT = YES;
			};
			name = Release;
		};
		8B805B5B19FB33CC0009A7A2 /* Debug */ = {
			isa = XCBuildConfiguration;
			buildSettings = {
				ASSETCATALOG_COMPILER_APPICON_NAME = AppIcon;
				CLANG_ENABLE_MODULES = YES;
				CODE_SIGN_IDENTITY = "iPhone Developer";
				FRAMEWORK_SEARCH_PATHS = (
					"$(inherited)",
					"$(PROJECT_DIR)",
				);
				INFOPLIST_FILE = "$(SRCROOT)/ArtistsView/Info.plist";
				IPHONEOS_DEPLOYMENT_TARGET = 8.0;
				LD_RUNPATH_SEARCH_PATHS = "$(inherited) @executable_path/Frameworks";
				PRODUCT_NAME = "$(TARGET_NAME)";
				SWIFT_OBJC_BRIDGING_HEADER = "";
				SWIFT_OPTIMIZATION_LEVEL = "-Onone";
			};
			name = Debug;
		};
		8B805B5C19FB33CC0009A7A2 /* Release */ = {
			isa = XCBuildConfiguration;
			buildSettings = {
				ASSETCATALOG_COMPILER_APPICON_NAME = AppIcon;
				CLANG_ENABLE_MODULES = YES;
				CODE_SIGN_IDENTITY = "iPhone Developer";
				FRAMEWORK_SEARCH_PATHS = (
					"$(inherited)",
					"$(PROJECT_DIR)",
				);
				INFOPLIST_FILE = "$(SRCROOT)/ArtistsView/Info.plist";
				IPHONEOS_DEPLOYMENT_TARGET = 8.0;
				LD_RUNPATH_SEARCH_PATHS = "$(inherited) @executable_path/Frameworks";
				PRODUCT_NAME = "$(TARGET_NAME)";
				SWIFT_OBJC_BRIDGING_HEADER = "";
			};
			name = Release;
		};
/* End XCBuildConfiguration section */

/* Begin XCConfigurationList section */
		8B805B3619FB33CC0009A7A2 /* Build configuration list for PBXProject "Phase Management" */ = {
			isa = XCConfigurationList;
			buildConfigurations = (
				8B805B5819FB33CC0009A7A2 /* Debug */,
				8B805B5919FB33CC0009A7A2 /* Release */,
			);
			defaultConfigurationIsVisible = 0;
			defaultConfigurationName = Release;
		};
		8B805B5A19FB33CC0009A7A2 /* Build configuration list for PBXNativeTarget "Phase Management" */ = {
			isa = XCConfigurationList;
			buildConfigurations = (
				8B805B5B19FB33CC0009A7A2 /* Debug */,
				8B805B5C19FB33CC0009A7A2 /* Release */,
			);
			defaultConfigurationIsVisible = 0;
			defaultConfigurationName = Release;
		};
/* End XCConfigurationList section */
	};
	rootObject = 8B805B3319FB33CC0009A7A2 /* Project object */;
}
